
Microsoft Visual Studio Solution File, Format Version 12.00
# Visual Studio Version 17
VisualStudioVersion = 17.0.31919.166
MinimumVisualStudioVersion = 15.0.26124.0
Project("{2150E333-8FDC-42A3-9474-1A3956D46DE8}") = "src", "src", "{28D4C365-FDED-49AE-A97D-36202E24A55A}"
	ProjectSection(SolutionItems) = preProject
		src\Saunter-src.slnf = src\Saunter-src.slnf
	EndProjectSection
EndProject
Project("{9A19103F-16F7-4668-BE54-9A1E7A4F7556}") = "Saunter", "src\Saunter\Saunter.csproj", "{240F263C-4F9B-40E0-8392-1FDB324153F6}"
EndProject
Project("{2150E333-8FDC-42A3-9474-1A3956D46DE8}") = "test", "test", "{6491E321-2D02-44AB-9116-D722FE169595}"
EndProject
Project("{9A19103F-16F7-4668-BE54-9A1E7A4F7556}") = "Saunter.Tests", "test\Saunter.Tests\Saunter.Tests.csproj", "{3ADB27EF-7C80-40EB-AFC6-5D06D415FFAB}"
EndProject
Project("{2150E333-8FDC-42A3-9474-1A3956D46DE8}") = "examples", "examples", "{6ABD4842-47AF-49A5-B057-0EBA64416789}"
	ProjectSection(SolutionItems) = preProject
		examples\.gitignore = examples\.gitignore
	EndProjectSection
EndProject
Project("{9A19103F-16F7-4668-BE54-9A1E7A4F7556}") = "StreetlightsAPI", "examples\StreetlightsAPI\StreetlightsAPI.csproj", "{F188D4A7-BBCB-464F-A370-2BD84D18EA79}"
	ProjectSection(ProjectDependencies) = postProject
		{A320E670-5CB0-4815-AF67-D8D09FC92A2A} = {A320E670-5CB0-4815-AF67-D8D09FC92A2A}
	EndProjectSection
EndProject
Project("{2150E333-8FDC-42A3-9474-1A3956D46DE8}") = "docs", "docs", "{E0D34C77-924E-4F6B-9289-5A2F07D125A8}"
	ProjectSection(SolutionItems) = preProject
		.editorconfig = .editorconfig
		.gitattributes = .gitattributes
		.gitignore = .gitignore
		CHANGELOG.md = CHANGELOG.md
		src\Common.NugetPackage.props = src\Common.NugetPackage.props
		Directory.Build.props = Directory.Build.props
		nuget.config = nuget.config
		README.md = README.md
	EndProjectSection
EndProject
Project("{9A19103F-16F7-4668-BE54-9A1E7A4F7556}") = "Saunter.IntegrationTests.ReverseProxy", "test\Saunter.IntegrationTests.ReverseProxy\Saunter.IntegrationTests.ReverseProxy.csproj", "{7CD09B89-130A-41AF-ADAE-2166C4ED695B}"
EndProject
Project("{9A19103F-16F7-4668-BE54-9A1E7A4F7556}") = "Saunter.Tests.MarkerTypeTests", "test\Saunter.Tests.MarkerTypeTests\Saunter.Tests.MarkerTypeTests.csproj", "{02284473-6DE7-4EE0-8433-2AC295045549}"
EndProject
Project("{2150E333-8FDC-42A3-9474-1A3956D46DE8}") = "actions", "actions", "{D8CB9C0D-9605-457B-979F-C8994B20A926}"
	ProjectSection(SolutionItems) = preProject
		.github\workflows\ci.yaml = .github\workflows\ci.yaml
		.github\workflows\release.yaml = .github\workflows\release.yaml
	EndProjectSection
EndProject
Project("{2150E333-8FDC-42A3-9474-1A3956D46DE8}") = "dotnet", "dotnet", "{69459F9D-DA73-4E84-8BA7-4CE03E2B7664}"
	ProjectSection(SolutionItems) = preProject
		.github\dotnet\action.yaml = .github\dotnet\action.yaml
	EndProjectSection
EndProject
Project("{2150E333-8FDC-42A3-9474-1A3956D46DE8}") = "npm", "npm", "{E8FACA22-CFED-4710-89E4-D55F31BF96B3}"
	ProjectSection(SolutionItems) = preProject
		.github\npm\action.yaml = .github\npm\action.yaml
	EndProjectSection
EndProject
Project("{9A19103F-16F7-4668-BE54-9A1E7A4F7556}") = "AsyncAPI.Saunter.Generator.Cli", "src\AsyncAPI.Saunter.Generator.Cli\AsyncAPI.Saunter.Generator.Cli.csproj", "{6C102D4D-3DA4-4763-B75E-C15E33E7E94A}"
EndProject
Project("{9A19103F-16F7-4668-BE54-9A1E7A4F7556}") = "AsyncAPI.Saunter.Generator.Cli.Tests", "test\AsyncAPI.Saunter.Generator.Cli.Tests\AsyncAPI.Saunter.Generator.Cli.Tests.csproj", "{18AD0249-0436-4A26-9972-B97BA6905A54}"
EndProject
Project("{9A19103F-16F7-4668-BE54-9A1E7A4F7556}") = "StreetlightsAPI.TopLevelStatement", "examples\StreetlightsAPI.TopLevelStatement\StreetlightsAPI.TopLevelStatement.csproj", "{6F6B8B03-9045-46EC-AE12-E7ADA492F9FA}"
EndProject
Project("{9A19103F-16F7-4668-BE54-9A1E7A4F7556}") = "AsyncAPI.Saunter.Generator.Build", "src\AsyncAPI.Saunter.Generator.Build\AsyncAPI.Saunter.Generator.Build.csproj", "{A320E670-5CB0-4815-AF67-D8D09FC92A2A}"
EndProject
Project("{9A19103F-16F7-4668-BE54-9A1E7A4F7556}") = "AsyncAPI.Saunter.Generator.Build.Tests", "test\AsyncAPI.Saunter.Generator.Build.Tests\AsyncAPI.Saunter.Generator.Build.Tests.csproj", "{61142B10-7B49-436E-AE32-2737658BD1E5}"
EndProject
Global
	GlobalSection(SolutionConfigurationPlatforms) = preSolution
		Debug|Any CPU = Debug|Any CPU
		Debug|x64 = Debug|x64
		Debug|x86 = Debug|x86
		Release|Any CPU = Release|Any CPU
		Release|x64 = Release|x64
		Release|x86 = Release|x86
	EndGlobalSection
	GlobalSection(ProjectConfigurationPlatforms) = postSolution
		{240F263C-4F9B-40E0-8392-1FDB324153F6}.Debug|Any CPU.ActiveCfg = Debug|Any CPU
		{240F263C-4F9B-40E0-8392-1FDB324153F6}.Debug|Any CPU.Build.0 = Debug|Any CPU
		{240F263C-4F9B-40E0-8392-1FDB324153F6}.Debug|x64.ActiveCfg = Debug|Any CPU
		{240F263C-4F9B-40E0-8392-1FDB324153F6}.Debug|x64.Build.0 = Debug|Any CPU
		{240F263C-4F9B-40E0-8392-1FDB324153F6}.Debug|x86.ActiveCfg = Debug|Any CPU
		{240F263C-4F9B-40E0-8392-1FDB324153F6}.Debug|x86.Build.0 = Debug|Any CPU
		{240F263C-4F9B-40E0-8392-1FDB324153F6}.Release|Any CPU.ActiveCfg = Release|Any CPU
		{240F263C-4F9B-40E0-8392-1FDB324153F6}.Release|Any CPU.Build.0 = Release|Any CPU
		{240F263C-4F9B-40E0-8392-1FDB324153F6}.Release|x64.ActiveCfg = Release|Any CPU
		{240F263C-4F9B-40E0-8392-1FDB324153F6}.Release|x64.Build.0 = Release|Any CPU
		{240F263C-4F9B-40E0-8392-1FDB324153F6}.Release|x86.ActiveCfg = Release|Any CPU
		{240F263C-4F9B-40E0-8392-1FDB324153F6}.Release|x86.Build.0 = Release|Any CPU
		{3ADB27EF-7C80-40EB-AFC6-5D06D415FFAB}.Debug|Any CPU.ActiveCfg = Debug|Any CPU
		{3ADB27EF-7C80-40EB-AFC6-5D06D415FFAB}.Debug|Any CPU.Build.0 = Debug|Any CPU
		{3ADB27EF-7C80-40EB-AFC6-5D06D415FFAB}.Debug|x64.ActiveCfg = Debug|Any CPU
		{3ADB27EF-7C80-40EB-AFC6-5D06D415FFAB}.Debug|x64.Build.0 = Debug|Any CPU
		{3ADB27EF-7C80-40EB-AFC6-5D06D415FFAB}.Debug|x86.ActiveCfg = Debug|Any CPU
		{3ADB27EF-7C80-40EB-AFC6-5D06D415FFAB}.Debug|x86.Build.0 = Debug|Any CPU
		{3ADB27EF-7C80-40EB-AFC6-5D06D415FFAB}.Release|Any CPU.ActiveCfg = Release|Any CPU
		{3ADB27EF-7C80-40EB-AFC6-5D06D415FFAB}.Release|Any CPU.Build.0 = Release|Any CPU
		{3ADB27EF-7C80-40EB-AFC6-5D06D415FFAB}.Release|x64.ActiveCfg = Release|Any CPU
		{3ADB27EF-7C80-40EB-AFC6-5D06D415FFAB}.Release|x64.Build.0 = Release|Any CPU
		{3ADB27EF-7C80-40EB-AFC6-5D06D415FFAB}.Release|x86.ActiveCfg = Release|Any CPU
		{3ADB27EF-7C80-40EB-AFC6-5D06D415FFAB}.Release|x86.Build.0 = Release|Any CPU
		{F188D4A7-BBCB-464F-A370-2BD84D18EA79}.Debug|Any CPU.ActiveCfg = Debug|Any CPU
		{F188D4A7-BBCB-464F-A370-2BD84D18EA79}.Debug|Any CPU.Build.0 = Debug|Any CPU
		{F188D4A7-BBCB-464F-A370-2BD84D18EA79}.Debug|x64.ActiveCfg = Debug|Any CPU
		{F188D4A7-BBCB-464F-A370-2BD84D18EA79}.Debug|x64.Build.0 = Debug|Any CPU
		{F188D4A7-BBCB-464F-A370-2BD84D18EA79}.Debug|x86.ActiveCfg = Debug|Any CPU
		{F188D4A7-BBCB-464F-A370-2BD84D18EA79}.Debug|x86.Build.0 = Debug|Any CPU
		{F188D4A7-BBCB-464F-A370-2BD84D18EA79}.Release|Any CPU.ActiveCfg = Release|Any CPU
		{F188D4A7-BBCB-464F-A370-2BD84D18EA79}.Release|Any CPU.Build.0 = Release|Any CPU
		{F188D4A7-BBCB-464F-A370-2BD84D18EA79}.Release|x64.ActiveCfg = Release|Any CPU
		{F188D4A7-BBCB-464F-A370-2BD84D18EA79}.Release|x64.Build.0 = Release|Any CPU
		{F188D4A7-BBCB-464F-A370-2BD84D18EA79}.Release|x86.ActiveCfg = Release|Any CPU
		{F188D4A7-BBCB-464F-A370-2BD84D18EA79}.Release|x86.Build.0 = Release|Any CPU
		{7CD09B89-130A-41AF-ADAE-2166C4ED695B}.Debug|Any CPU.ActiveCfg = Debug|Any CPU
		{7CD09B89-130A-41AF-ADAE-2166C4ED695B}.Debug|Any CPU.Build.0 = Debug|Any CPU
		{7CD09B89-130A-41AF-ADAE-2166C4ED695B}.Debug|x64.ActiveCfg = Debug|Any CPU
		{7CD09B89-130A-41AF-ADAE-2166C4ED695B}.Debug|x64.Build.0 = Debug|Any CPU
		{7CD09B89-130A-41AF-ADAE-2166C4ED695B}.Debug|x86.ActiveCfg = Debug|Any CPU
		{7CD09B89-130A-41AF-ADAE-2166C4ED695B}.Debug|x86.Build.0 = Debug|Any CPU
		{7CD09B89-130A-41AF-ADAE-2166C4ED695B}.Release|Any CPU.ActiveCfg = Release|Any CPU
		{7CD09B89-130A-41AF-ADAE-2166C4ED695B}.Release|Any CPU.Build.0 = Release|Any CPU
		{7CD09B89-130A-41AF-ADAE-2166C4ED695B}.Release|x64.ActiveCfg = Release|Any CPU
		{7CD09B89-130A-41AF-ADAE-2166C4ED695B}.Release|x64.Build.0 = Release|Any CPU
		{7CD09B89-130A-41AF-ADAE-2166C4ED695B}.Release|x86.ActiveCfg = Release|Any CPU
		{7CD09B89-130A-41AF-ADAE-2166C4ED695B}.Release|x86.Build.0 = Release|Any CPU
		{02284473-6DE7-4EE0-8433-2AC295045549}.Debug|Any CPU.ActiveCfg = Debug|Any CPU
		{02284473-6DE7-4EE0-8433-2AC295045549}.Debug|Any CPU.Build.0 = Debug|Any CPU
		{02284473-6DE7-4EE0-8433-2AC295045549}.Debug|x64.ActiveCfg = Debug|Any CPU
		{02284473-6DE7-4EE0-8433-2AC295045549}.Debug|x64.Build.0 = Debug|Any CPU
		{02284473-6DE7-4EE0-8433-2AC295045549}.Debug|x86.ActiveCfg = Debug|Any CPU
		{02284473-6DE7-4EE0-8433-2AC295045549}.Debug|x86.Build.0 = Debug|Any CPU
		{02284473-6DE7-4EE0-8433-2AC295045549}.Release|Any CPU.ActiveCfg = Release|Any CPU
		{02284473-6DE7-4EE0-8433-2AC295045549}.Release|Any CPU.Build.0 = Release|Any CPU
		{02284473-6DE7-4EE0-8433-2AC295045549}.Release|x64.ActiveCfg = Release|Any CPU
		{02284473-6DE7-4EE0-8433-2AC295045549}.Release|x64.Build.0 = Release|Any CPU
		{02284473-6DE7-4EE0-8433-2AC295045549}.Release|x86.ActiveCfg = Release|Any CPU
		{02284473-6DE7-4EE0-8433-2AC295045549}.Release|x86.Build.0 = Release|Any CPU
		{6C102D4D-3DA4-4763-B75E-C15E33E7E94A}.Debug|Any CPU.ActiveCfg = Debug|Any CPU
		{6C102D4D-3DA4-4763-B75E-C15E33E7E94A}.Debug|Any CPU.Build.0 = Debug|Any CPU
		{6C102D4D-3DA4-4763-B75E-C15E33E7E94A}.Debug|x64.ActiveCfg = Debug|Any CPU
		{6C102D4D-3DA4-4763-B75E-C15E33E7E94A}.Debug|x64.Build.0 = Debug|Any CPU
		{6C102D4D-3DA4-4763-B75E-C15E33E7E94A}.Debug|x86.ActiveCfg = Debug|Any CPU
		{6C102D4D-3DA4-4763-B75E-C15E33E7E94A}.Debug|x86.Build.0 = Debug|Any CPU
		{6C102D4D-3DA4-4763-B75E-C15E33E7E94A}.Release|Any CPU.ActiveCfg = Release|Any CPU
		{6C102D4D-3DA4-4763-B75E-C15E33E7E94A}.Release|Any CPU.Build.0 = Release|Any CPU
		{6C102D4D-3DA4-4763-B75E-C15E33E7E94A}.Release|x64.ActiveCfg = Release|Any CPU
		{6C102D4D-3DA4-4763-B75E-C15E33E7E94A}.Release|x64.Build.0 = Release|Any CPU
		{6C102D4D-3DA4-4763-B75E-C15E33E7E94A}.Release|x86.ActiveCfg = Release|Any CPU
		{6C102D4D-3DA4-4763-B75E-C15E33E7E94A}.Release|x86.Build.0 = Release|Any CPU
		{18AD0249-0436-4A26-9972-B97BA6905A54}.Debug|Any CPU.ActiveCfg = Debug|Any CPU
		{18AD0249-0436-4A26-9972-B97BA6905A54}.Debug|Any CPU.Build.0 = Debug|Any CPU
		{18AD0249-0436-4A26-9972-B97BA6905A54}.Debug|x64.ActiveCfg = Debug|Any CPU
		{18AD0249-0436-4A26-9972-B97BA6905A54}.Debug|x64.Build.0 = Debug|Any CPU
		{18AD0249-0436-4A26-9972-B97BA6905A54}.Debug|x86.ActiveCfg = Debug|Any CPU
		{18AD0249-0436-4A26-9972-B97BA6905A54}.Debug|x86.Build.0 = Debug|Any CPU
		{18AD0249-0436-4A26-9972-B97BA6905A54}.Release|Any CPU.ActiveCfg = Release|Any CPU
		{18AD0249-0436-4A26-9972-B97BA6905A54}.Release|Any CPU.Build.0 = Release|Any CPU
		{18AD0249-0436-4A26-9972-B97BA6905A54}.Release|x64.ActiveCfg = Release|Any CPU
		{18AD0249-0436-4A26-9972-B97BA6905A54}.Release|x64.Build.0 = Release|Any CPU
		{18AD0249-0436-4A26-9972-B97BA6905A54}.Release|x86.ActiveCfg = Release|Any CPU
		{18AD0249-0436-4A26-9972-B97BA6905A54}.Release|x86.Build.0 = Release|Any CPU
		{6F6B8B03-9045-46EC-AE12-E7ADA492F9FA}.Debug|Any CPU.ActiveCfg = Debug|Any CPU
		{6F6B8B03-9045-46EC-AE12-E7ADA492F9FA}.Debug|Any CPU.Build.0 = Debug|Any CPU
		{6F6B8B03-9045-46EC-AE12-E7ADA492F9FA}.Debug|x64.ActiveCfg = Debug|Any CPU
		{6F6B8B03-9045-46EC-AE12-E7ADA492F9FA}.Debug|x64.Build.0 = Debug|Any CPU
		{6F6B8B03-9045-46EC-AE12-E7ADA492F9FA}.Debug|x86.ActiveCfg = Debug|Any CPU
		{6F6B8B03-9045-46EC-AE12-E7ADA492F9FA}.Debug|x86.Build.0 = Debug|Any CPU
		{6F6B8B03-9045-46EC-AE12-E7ADA492F9FA}.Release|Any CPU.ActiveCfg = Release|Any CPU
		{6F6B8B03-9045-46EC-AE12-E7ADA492F9FA}.Release|Any CPU.Build.0 = Release|Any CPU
		{6F6B8B03-9045-46EC-AE12-E7ADA492F9FA}.Release|x64.ActiveCfg = Release|Any CPU
		{6F6B8B03-9045-46EC-AE12-E7ADA492F9FA}.Release|x64.Build.0 = Release|Any CPU
		{6F6B8B03-9045-46EC-AE12-E7ADA492F9FA}.Release|x86.ActiveCfg = Release|Any CPU
		{6F6B8B03-9045-46EC-AE12-E7ADA492F9FA}.Release|x86.Build.0 = Release|Any CPU
		{A320E670-5CB0-4815-AF67-D8D09FC92A2A}.Debug|Any CPU.ActiveCfg = Debug|Any CPU
		{A320E670-5CB0-4815-AF67-D8D09FC92A2A}.Debug|Any CPU.Build.0 = Debug|Any CPU
		{A320E670-5CB0-4815-AF67-D8D09FC92A2A}.Debug|x64.ActiveCfg = Debug|Any CPU
		{A320E670-5CB0-4815-AF67-D8D09FC92A2A}.Debug|x64.Build.0 = Debug|Any CPU
		{A320E670-5CB0-4815-AF67-D8D09FC92A2A}.Debug|x86.ActiveCfg = Debug|Any CPU
		{A320E670-5CB0-4815-AF67-D8D09FC92A2A}.Debug|x86.Build.0 = Debug|Any CPU
		{A320E670-5CB0-4815-AF67-D8D09FC92A2A}.Release|Any CPU.ActiveCfg = Release|Any CPU
		{A320E670-5CB0-4815-AF67-D8D09FC92A2A}.Release|Any CPU.Build.0 = Release|Any CPU
		{A320E670-5CB0-4815-AF67-D8D09FC92A2A}.Release|x64.ActiveCfg = Release|Any CPU
		{A320E670-5CB0-4815-AF67-D8D09FC92A2A}.Release|x64.Build.0 = Release|Any CPU
		{A320E670-5CB0-4815-AF67-D8D09FC92A2A}.Release|x86.ActiveCfg = Release|Any CPU
		{A320E670-5CB0-4815-AF67-D8D09FC92A2A}.Release|x86.Build.0 = Release|Any CPU
		{61142B10-7B49-436E-AE32-2737658BD1E5}.Debug|Any CPU.ActiveCfg = Debug|Any CPU
		{61142B10-7B49-436E-AE32-2737658BD1E5}.Debug|Any CPU.Build.0 = Debug|Any CPU
		{61142B10-7B49-436E-AE32-2737658BD1E5}.Debug|x64.ActiveCfg = Debug|Any CPU
		{61142B10-7B49-436E-AE32-2737658BD1E5}.Debug|x64.Build.0 = Debug|Any CPU
		{61142B10-7B49-436E-AE32-2737658BD1E5}.Debug|x86.ActiveCfg = Debug|Any CPU
		{61142B10-7B49-436E-AE32-2737658BD1E5}.Debug|x86.Build.0 = Debug|Any CPU
		{61142B10-7B49-436E-AE32-2737658BD1E5}.Release|Any CPU.ActiveCfg = Release|Any CPU
		{61142B10-7B49-436E-AE32-2737658BD1E5}.Release|Any CPU.Build.0 = Release|Any CPU
		{61142B10-7B49-436E-AE32-2737658BD1E5}.Release|x64.ActiveCfg = Release|Any CPU
		{61142B10-7B49-436E-AE32-2737658BD1E5}.Release|x64.Build.0 = Release|Any CPU
		{61142B10-7B49-436E-AE32-2737658BD1E5}.Release|x86.ActiveCfg = Release|Any CPU
		{61142B10-7B49-436E-AE32-2737658BD1E5}.Release|x86.Build.0 = Release|Any CPU
	EndGlobalSection
	GlobalSection(SolutionProperties) = preSolution
		HideSolutionNode = FALSE
	EndGlobalSection
	GlobalSection(NestedProjects) = preSolution
		{240F263C-4F9B-40E0-8392-1FDB324153F6} = {28D4C365-FDED-49AE-A97D-36202E24A55A}
		{3ADB27EF-7C80-40EB-AFC6-5D06D415FFAB} = {6491E321-2D02-44AB-9116-D722FE169595}
		{F188D4A7-BBCB-464F-A370-2BD84D18EA79} = {6ABD4842-47AF-49A5-B057-0EBA64416789}
		{7CD09B89-130A-41AF-ADAE-2166C4ED695B} = {6491E321-2D02-44AB-9116-D722FE169595}
		{02284473-6DE7-4EE0-8433-2AC295045549} = {6491E321-2D02-44AB-9116-D722FE169595}
		{69459F9D-DA73-4E84-8BA7-4CE03E2B7664} = {D8CB9C0D-9605-457B-979F-C8994B20A926}
		{E8FACA22-CFED-4710-89E4-D55F31BF96B3} = {D8CB9C0D-9605-457B-979F-C8994B20A926}
		{6C102D4D-3DA4-4763-B75E-C15E33E7E94A} = {28D4C365-FDED-49AE-A97D-36202E24A55A}
		{18AD0249-0436-4A26-9972-B97BA6905A54} = {6491E321-2D02-44AB-9116-D722FE169595}
		{6F6B8B03-9045-46EC-AE12-E7ADA492F9FA} = {6ABD4842-47AF-49A5-B057-0EBA64416789}
		{A320E670-5CB0-4815-AF67-D8D09FC92A2A} = {28D4C365-FDED-49AE-A97D-36202E24A55A}
		{61142B10-7B49-436E-AE32-2737658BD1E5} = {6491E321-2D02-44AB-9116-D722FE169595}
	EndGlobalSection
	GlobalSection(ExtensibilityGlobals) = postSolution
		SolutionGuid = {2F85D9DA-DBCF-4F13-8C42-5719F1469B2E}
	EndGlobalSection
EndGlobal
